
Microsoft Visual Studio Solution File, Format Version 12.00
# Visual Studio Version 17
VisualStudioVersion = 17.14.37111.16 d17.14
MinimumVisualStudioVersion = 10.0.40219.1
Project("{FAE04EC0-301F-11D3-BF4B-00C04F79EFBC}") = "BPG402", "BPG402.csproj", "{4C2FD098-8C61-43CA-A017-4BB5A10D3467}"
EndProject
Global
	GlobalSection(SolutionConfigurationPlatforms) = preSolution
		Debug|Any CPU = Debug|Any CPU
		Release|Any CPU = Release|Any CPU
	EndGlobalSection
	GlobalSection(ProjectConfigurationPlatforms) = postSolution
		{4C2FD098-8C61-43CA-A017-4BB5A10D3467}.Debug|Any CPU.ActiveCfg = Debug|Any CPU
		{4C2FD098-8C61-43CA-A017-4BB5A10D3467}.Debug|Any CPU.Build.0 = Debug|Any CPU
		{4C2FD098-8C61-43CA-A017-4BB5A10D3467}.Release|Any CPU.ActiveCfg = Release|Any CPU
		{4C2FD098-8C61-43CA-A017-4BB5A10D3467}.Release|Any CPU.Build.0 = Release|Any CPU
	EndGlobalSection
	GlobalSection(SolutionProperties) = preSolution
		HideSolutionNode = FALSE
	EndGlobalSection
	GlobalSection(ExtensibilityGlobals) = postSolution
		SolutionGuid = {1CC41D1A-3FC0-4E5A-8865-6201571BFE54}
	EndGlobalSection
EndGlobal
